
Microsoft Visual Studio Solution File, Format Version 12.00
# Visual Studio Version 17
VisualStudioVersion = 17.3.32922.545
MinimumVisualStudioVersion = 10.0.40219.1
Project("{8BC9CEB8-8B4A-11D0-8D11-00A0C91BC942}") = "3-1", "3-1\3-1.vcxproj", "{FDF90EAF-B7C7-46AC-B11D-E924D22096B0}"
EndProject
Project("{8BC9CEB8-8B4A-11D0-8D11-00A0C91BC942}") = "3-2", "3-2\3-2.vcxproj", "{627193BB-B03A-4815-8188-E3EA0A7EFB49}"
EndProject
Project("{8BC9CEB8-8B4A-11D0-8D11-00A0C91BC942}") = "3-3", "3-3\3-3.vcxproj", "{232F0081-772B-4188-933A-9A56A5E8C916}"
EndProject
Project("{8BC9CEB8-8B4A-11D0-8D11-00A0C91BC942}") = "3-4", "3-4\3-4.vcxproj", "{4A5B60FB-F00D-42B4-A72D-608F609DD349}"
EndProject
Project("{8BC9CEB8-8B4A-11D0-8D11-00A0C91BC942}") = "3-5", "3-5\3-5.vcxproj", "{79E2E605-129D-4351-813D-756A65D0AF55}"
EndProject
Project("{8BC9CEB8-8B4A-11D0-8D11-00A0C91BC942}") = "3-6", "3-6\3-6.vcxproj", "{17FCB5E8-1303-462D-8A55-2477C433E915}"
EndProject
Project("{8BC9CEB8-8B4A-11D0-8D11-00A0C91BC942}") = "3-7", "3-7\3-7.vcxproj", "{CDE5B50D-6CD0-464C-8599-45CD42752E17}"
EndProject
Project("{8BC9CEB8-8B4A-11D0-8D11-00A0C91BC942}") = "3-8", "3-8\3-8.vcxproj", "{55357CA1-D077-46FD-AE67-30DBA6174080}"
EndProject
Project("{8BC9CEB8-8B4A-11D0-8D11-00A0C91BC942}") = "3-9", "3-9\3-9.vcxproj", "{412F0430-EF25-445C-9BEF-0C3C2F4053D5}"
EndProject
Project("{8BC9CEB8-8B4A-11D0-8D11-00A0C91BC942}") = "4-1", "4-1\4-1.vcxproj", "{69323C54-FE81-41AA-AE8C-5FB85B1EA5F1}"
EndProject
Project("{8BC9CEB8-8B4A-11D0-8D11-00A0C91BC942}") = "4-2", "4-2\4-2.vcxproj", "{4AB94969-6D50-4934-8977-AB4E7A5A64FE}"
EndProject
Project("{8BC9CEB8-8B4A-11D0-8D11-00A0C91BC942}") = "4-3", "4-3\4-3.vcxproj", "{4A08E01A-4A73-42C9-A09D-BD5BF0A497B6}"
EndProject
Project("{8BC9CEB8-8B4A-11D0-8D11-00A0C91BC942}") = "4-4", "4-4\4-4.vcxproj", "{BC5BE0C4-CBBD-48AE-9DDF-678CB78A71E2}"
EndProject
Project("{8BC9CEB8-8B4A-11D0-8D11-00A0C91BC942}") = "4-5", "4-5\4-5.vcxproj", "{CC4C643A-DA02-4312-80B1-1060A9C672AD}"
EndProject
Global
	GlobalSection(SolutionConfigurationPlatforms) = preSolution
		Debug|x64 = Debug|x64
		Debug|x86 = Debug|x86
		Release|x64 = Release|x64
		Release|x86 = Release|x86
	EndGlobalSection
	GlobalSection(ProjectConfigurationPlatforms) = postSolution
		{FDF90EAF-B7C7-46AC-B11D-E924D22096B0}.Debug|x64.ActiveCfg = Debug|x64
		{FDF90EAF-B7C7-46AC-B11D-E924D22096B0}.Debug|x64.Build.0 = Debug|x64
		{FDF90EAF-B7C7-46AC-B11D-E924D22096B0}.Debug|x86.ActiveCfg = Debug|Win32
		{FDF90EAF-B7C7-46AC-B11D-E924D22096B0}.Debug|x86.Build.0 = Debug|Win32
		{FDF90EAF-B7C7-46AC-B11D-E924D22096B0}.Release|x64.ActiveCfg = Release|x64
		{FDF90EAF-B7C7-46AC-B11D-E924D22096B0}.Release|x64.Build.0 = Release|x64
		{FDF90EAF-B7C7-46AC-B11D-E924D22096B0}.Release|x86.ActiveCfg = Release|Win32
		{FDF90EAF-B7C7-46AC-B11D-E924D22096B0}.Release|x86.Build.0 = Release|Win32
		{627193BB-B03A-4815-8188-E3EA0A7EFB49}.Debug|x64.ActiveCfg = Debug|x64
		{627193BB-B03A-4815-8188-E3EA0A7EFB49}.Debug|x64.Build.0 = Debug|x64
		{627193BB-B03A-4815-8188-E3EA0A7EFB49}.Debug|x86.ActiveCfg = Debug|Win32
		{627193BB-B03A-4815-8188-E3EA0A7EFB49}.Debug|x86.Build.0 = Debug|Win32
		{627193BB-B03A-4815-8188-E3EA0A7EFB49}.Release|x64.ActiveCfg = Release|x64
		{627193BB-B03A-4815-8188-E3EA0A7EFB49}.Release|x64.Build.0 = Release|x64
		{627193BB-B03A-4815-8188-E3EA0A7EFB49}.Release|x86.ActiveCfg = Release|Win32
		{627193BB-B03A-4815-8188-E3EA0A7EFB49}.Release|x86.Build.0 = Release|Win32
		{232F0081-772B-4188-933A-9A56A5E8C916}.Debug|x64.ActiveCfg = Debug|x64
		{232F0081-772B-4188-933A-9A56A5E8C916}.Debug|x64.Build.0 = Debug|x64
		{232F0081-772B-4188-933A-9A56A5E8C916}.Debug|x86.ActiveCfg = Debug|Win32
		{232F0081-772B-4188-933A-9A56A5E8C916}.Debug|x86.Build.0 = Debug|Win32
		{232F0081-772B-4188-933A-9A56A5E8C916}.Release|x64.ActiveCfg = Release|x64
		{232F0081-772B-4188-933A-9A56A5E8C916}.Release|x64.Build.0 = Release|x64
		{232F0081-772B-4188-933A-9A56A5E8C916}.Release|x86.ActiveCfg = Release|Win32
		{232F0081-772B-4188-933A-9A56A5E8C916}.Release|x86.Build.0 = Release|Win32
		{4A5B60FB-F00D-42B4-A72D-608F609DD349}.Debug|x64.ActiveCfg = Debug|x64
		{4A5B60FB-F00D-42B4-A72D-608F609DD349}.Debug|x64.Build.0 = Debug|x64
		{4A5B60FB-F00D-42B4-A72D-608F609DD349}.Debug|x86.ActiveCfg = Debug|Win32
		{4A5B60FB-F00D-42B4-A72D-608F609DD349}.Debug|x86.Build.0 = Debug|Win32
		{4A5B60FB-F00D-42B4-A72D-608F609DD349}.Release|x64.ActiveCfg = Release|x64
		{4A5B60FB-F00D-42B4-A72D-608F609DD349}.Release|x64.Build.0 = Release|x64
		{4A5B60FB-F00D-42B4-A72D-608F609DD349}.Release|x86.ActiveCfg = Release|Win32
		{4A5B60FB-F00D-42B4-A72D-608F609DD349}.Release|x86.Build.0 = Release|Win32
		{79E2E605-129D-4351-813D-756A65D0AF55}.Debug|x64.ActiveCfg = Debug|x64
		{79E2E605-129D-4351-813D-756A65D0AF55}.Debug|x64.Build.0 = Debug|x64
		{79E2E605-129D-4351-813D-756A65D0AF55}.Debug|x86.ActiveCfg = Debug|Win32
		{79E2E605-129D-4351-813D-756A65D0AF55}.Debug|x86.Build.0 = Debug|Win32
		{79E2E605-129D-4351-813D-756A65D0AF55}.Release|x64.ActiveCfg = Release|x64
		{79E2E605-129D-4351-813D-756A65D0AF55}.Release|x64.Build.0 = Release|x64
		{79E2E605-129D-4351-813D-756A65D0AF55}.Release|x86.ActiveCfg = Release|Win32
		{79E2E605-129D-4351-813D-756A65D0AF55}.Release|x86.Build.0 = Release|Win32
		{17FCB5E8-1303-462D-8A55-2477C433E915}.Debug|x64.ActiveCfg = Debug|x64
		{17FCB5E8-1303-462D-8A55-2477C433E915}.Debug|x64.Build.0 = Debug|x64
		{17FCB5E8-1303-462D-8A55-2477C433E915}.Debug|x86.ActiveCfg = Debug|Win32
		{17FCB5E8-1303-462D-8A55-2477C433E915}.Debug|x86.Build.0 = Debug|Win32
		{17FCB5E8-1303-462D-8A55-2477C433E915}.Release|x64.ActiveCfg = Release|x64
		{17FCB5E8-1303-462D-8A55-2477C433E915}.Release|x64.Build.0 = Release|x64
		{17FCB5E8-1303-462D-8A55-2477C433E915}.Release|x86.ActiveCfg = Release|Win32
		{17FCB5E8-1303-462D-8A55-2477C433E915}.Release|x86.Build.0 = Release|Win32
		{CDE5B50D-6CD0-464C-8599-45CD42752E17}.Debug|x64.ActiveCfg = Debug|x64
		{CDE5B50D-6CD0-464C-8599-45CD42752E17}.Debug|x64.Build.0 = Debug|x64
		{CDE5B50D-6CD0-464C-8599-45CD42752E17}.Debug|x86.ActiveCfg = Debug|Win32
		{CDE5B50D-6CD0-464C-8599-45CD42752E17}.Debug|x86.Build.0 = Debug|Win32
		{CDE5B50D-6CD0-464C-8599-45CD42752E17}.Release|x64.ActiveCfg = Release|x64
		{CDE5B50D-6CD0-464C-8599-45CD42752E17}.Release|x64.Build.0 = Release|x64
		{CDE5B50D-6CD0-464C-8599-45CD42752E17}.Release|x86.ActiveCfg = Release|Win32
		{CDE5B50D-6CD0-464C-8599-45CD42752E17}.Release|x86.Build.0 = Release|Win32
		{55357CA1-D077-46FD-AE67-30DBA6174080}.Debug|x64.ActiveCfg = Debug|x64
		{55357CA1-D077-46FD-AE67-30DBA6174080}.Debug|x64.Build.0 = Debug|x64
		{55357CA1-D077-46FD-AE67-30DBA6174080}.Debug|x86.ActiveCfg = Debug|Win32
		{55357CA1-D077-46FD-AE67-30DBA6174080}.Debug|x86.Build.0 = Debug|Win32
		{55357CA1-D077-46FD-AE67-30DBA6174080}.Release|x64.ActiveCfg = Release|x64
		{55357CA1-D077-46FD-AE67-30DBA6174080}.Release|x64.Build.0 = Release|x64
		{55357CA1-D077-46FD-AE67-30DBA6174080}.Release|x86.ActiveCfg = Release|Win32
		{55357CA1-D077-46FD-AE67-30DBA6174080}.Release|x86.Build.0 = Release|Win32
		{412F0430-EF25-445C-9BEF-0C3C2F4053D5}.Debug|x64.ActiveCfg = Debug|x64
		{412F0430-EF25-445C-9BEF-0C3C2F4053D5}.Debug|x64.Build.0 = Debug|x64
		{412F0430-EF25-445C-9BEF-0C3C2F4053D5}.Debug|x86.ActiveCfg = Debug|Win32
		{412F0430-EF25-445C-9BEF-0C3C2F4053D5}.Debug|x86.Build.0 = Debug|Win32
		{412F0430-EF25-445C-9BEF-0C3C2F4053D5}.Release|x64.ActiveCfg = Release|x64
		{412F0430-EF25-445C-9BEF-0C3C2F4053D5}.Release|x64.Build.0 = Release|x64
		{412F0430-EF25-445C-9BEF-0C3C2F4053D5}.Release|x86.ActiveCfg = Release|Win32
		{412F0430-EF25-445C-9BEF-0C3C2F4053D5}.Release|x86.Build.0 = Release|Win32
		{69323C54-FE81-41AA-AE8C-5FB85B1EA5F1}.Debug|x64.ActiveCfg = Debug|x64
		{69323C54-FE81-41AA-AE8C-5FB85B1EA5F1}.Debug|x64.Build.0 = Debug|x64
		{69323C54-FE81-41AA-AE8C-5FB85B1EA5F1}.Debug|x86.ActiveCfg = Debug|Win32
		{69323C54-FE81-41AA-AE8C-5FB85B1EA5F1}.Debug|x86.Build.0 = Debug|Win32
		{69323C54-FE81-41AA-AE8C-5FB85B1EA5F1}.Release|x64.ActiveCfg = Release|x64
		{69323C54-FE81-41AA-AE8C-5FB85B1EA5F1}.Release|x64.Build.0 = Release|x64
		{69323C54-FE81-41AA-AE8C-5FB85B1EA5F1}.Release|x86.ActiveCfg = Release|Win32
		{69323C54-FE81-41AA-AE8C-5FB85B1EA5F1}.Release|x86.Build.0 = Release|Win32
		{4AB94969-6D50-4934-8977-AB4E7A5A64FE}.Debug|x64.ActiveCfg = Debug|x64
		{4AB94969-6D50-4934-8977-AB4E7A5A64FE}.Debug|x64.Build.0 = Debug|x64
		{4AB94969-6D50-4934-8977-AB4E7A5A64FE}.Debug|x86.ActiveCfg = Debug|Win32
		{4AB94969-6D50-4934-8977-AB4E7A5A64FE}.Debug|x86.Build.0 = Debug|Win32
		{4AB94969-6D50-4934-8977-AB4E7A5A64FE}.Release|x64.ActiveCfg = Release|x64
		{4AB94969-6D50-4934-8977-AB4E7A5A64FE}.Release|x64.Build.0 = Release|x64
		{4AB94969-6D50-4934-8977-AB4E7A5A64FE}.Release|x86.ActiveCfg = Release|Win32
		{4AB94969-6D50-4934-8977-AB4E7A5A64FE}.Release|x86.Build.0 = Release|Win32
		{4A08E01A-4A73-42C9-A09D-BD5BF0A497B6}.Debug|x64.ActiveCfg = Debug|x64
		{4A08E01A-4A73-42C9-A09D-BD5BF0A497B6}.Debug|x64.Build.0 = Debug|x64
		{4A08E01A-4A73-42C9-A09D-BD5BF0A497B6}.Debug|x86.ActiveCfg = Debug|Win32
		{4A08E01A-4A73-42C9-A09D-BD5BF0A497B6}.Debug|x86.Build.0 = Debug|Win32
		{4A08E01A-4A73-42C9-A09D-BD5BF0A497B6}.Release|x64.ActiveCfg = Release|x64
		{4A08E01A-4A73-42C9-A09D-BD5BF0A497B6}.Release|x64.Build.0 = Release|x64
		{4A08E01A-4A73-42C9-A09D-BD5BF0A497B6}.Release|x86.ActiveCfg = Release|Win32
		{4A08E01A-4A73-42C9-A09D-BD5BF0A497B6}.Release|x86.Build.0 = Release|Win32
		{BC5BE0C4-CBBD-48AE-9DDF-678CB78A71E2}.Debug|x64.ActiveCfg = Debug|x64
		{BC5BE0C4-CBBD-48AE-9DDF-678CB78A71E2}.Debug|x64.Build.0 = Debug|x64
		{BC5BE0C4-CBBD-48AE-9DDF-678CB78A71E2}.Debug|x86.ActiveCfg = Debug|Win32
		{BC5BE0C4-CBBD-48AE-9DDF-678CB78A71E2}.Debug|x86.Build.0 = Debug|Win32
		{BC5BE0C4-CBBD-48AE-9DDF-678CB78A71E2}.Release|x64.ActiveCfg = Release|x64
		{BC5BE0C4-CBBD-48AE-9DDF-678CB78A71E2}.Release|x64.Build.0 = Release|x64
		{BC5BE0C4-CBBD-48AE-9DDF-678CB78A71E2}.Release|x86.ActiveCfg = Release|Win32
		{BC5BE0C4-CBBD-48AE-9DDF-678CB78A71E2}.Release|x86.Build.0 = Release|Win32
		{CC4C643A-DA02-4312-80B1-1060A9C672AD}.Debug|x64.ActiveCfg = Debug|x64
		{CC4C643A-DA02-4312-80B1-1060A9C672AD}.Debug|x64.Build.0 = Debug|x64
		{CC4C643A-DA02-4312-80B1-1060A9C672AD}.Debug|x86.ActiveCfg = Debug|Win32
		{CC4C643A-DA02-4312-80B1-1060A9C672AD}.Debug|x86.Build.0 = Debug|Win32
		{CC4C643A-DA02-4312-80B1-1060A9C672AD}.Release|x64.ActiveCfg = Release|x64
		{CC4C643A-DA02-4312-80B1-1060A9C672AD}.Release|x64.Build.0 = Release|x64
		{CC4C643A-DA02-4312-80B1-1060A9C672AD}.Release|x86.ActiveCfg = Release|Win32
		{CC4C643A-DA02-4312-80B1-1060A9C672AD}.Release|x86.Build.0 = Release|Win32
	EndGlobalSection
	GlobalSection(SolutionProperties) = preSolution
		HideSolutionNode = FALSE
	EndGlobalSection
	GlobalSection(ExtensibilityGlobals) = postSolution
		SolutionGuid = {FA3CD74E-40A4-4AD4-A38B-13F0228CC676}
	EndGlobalSection
EndGlobal
