
Microsoft Visual Studio Solution File, Format Version 12.00
# Visual Studio Version 17
VisualStudioVersion = 17.3.32922.545
MinimumVisualStudioVersion = 10.0.40219.1
Project("{8BC9CEB8-8B4A-11D0-8D11-00A0C91BC942}") = "3-01", "3-1\3-1.vcxproj", "{FDF90EAF-B7C7-46AC-B11D-E924D22096B0}"
EndProject
Project("{8BC9CEB8-8B4A-11D0-8D11-00A0C91BC942}") = "3-02", "3-2\3-2.vcxproj", "{627193BB-B03A-4815-8188-E3EA0A7EFB49}"
EndProject
Project("{8BC9CEB8-8B4A-11D0-8D11-00A0C91BC942}") = "3-03", "3-3\3-3.vcxproj", "{232F0081-772B-4188-933A-9A56A5E8C916}"
EndProject
Project("{8BC9CEB8-8B4A-11D0-8D11-00A0C91BC942}") = "3-04", "3-4\3-4.vcxproj", "{4A5B60FB-F00D-42B4-A72D-608F609DD349}"
EndProject
Project("{8BC9CEB8-8B4A-11D0-8D11-00A0C91BC942}") = "3-05", "3-5\3-5.vcxproj", "{79E2E605-129D-4351-813D-756A65D0AF55}"
EndProject
Project("{8BC9CEB8-8B4A-11D0-8D11-00A0C91BC942}") = "3-06", "3-6\3-6.vcxproj", "{17FCB5E8-1303-462D-8A55-2477C433E915}"
EndProject
Project("{8BC9CEB8-8B4A-11D0-8D11-00A0C91BC942}") = "3-07", "3-7\3-7.vcxproj", "{CDE5B50D-6CD0-464C-8599-45CD42752E17}"
EndProject
Project("{8BC9CEB8-8B4A-11D0-8D11-00A0C91BC942}") = "3-08", "3-8\3-8.vcxproj", "{55357CA1-D077-46FD-AE67-30DBA6174080}"
EndProject
Project("{8BC9CEB8-8B4A-11D0-8D11-00A0C91BC942}") = "3-09", "3-9\3-9.vcxproj", "{412F0430-EF25-445C-9BEF-0C3C2F4053D5}"
EndProject
Project("{8BC9CEB8-8B4A-11D0-8D11-00A0C91BC942}") = "4-01", "4-1\4-1.vcxproj", "{69323C54-FE81-41AA-AE8C-5FB85B1EA5F1}"
EndProject
Project("{8BC9CEB8-8B4A-11D0-8D11-00A0C91BC942}") = "4-02", "4-2\4-2.vcxproj", "{4AB94969-6D50-4934-8977-AB4E7A5A64FE}"
EndProject
Project("{8BC9CEB8-8B4A-11D0-8D11-00A0C91BC942}") = "4-03", "4-3\4-3.vcxproj", "{4A08E01A-4A73-42C9-A09D-BD5BF0A497B6}"
EndProject
Project("{8BC9CEB8-8B4A-11D0-8D11-00A0C91BC942}") = "4-04", "4-4\4-4.vcxproj", "{BC5BE0C4-CBBD-48AE-9DDF-678CB78A71E2}"
EndProject
Project("{8BC9CEB8-8B4A-11D0-8D11-00A0C91BC942}") = "4-05", "4-5\4-5.vcxproj", "{CC4C643A-DA02-4312-80B1-1060A9C672AD}"
EndProject
Project("{8BC9CEB8-8B4A-11D0-8D11-00A0C91BC942}") = "4-06", "4-6\4-6.vcxproj", "{B02C7251-830E-426A-A50D-C8D18822CF90}"
EndProject
Project("{8BC9CEB8-8B4A-11D0-8D11-00A0C91BC942}") = "4-07", "4-7\4-7.vcxproj", "{337BB5AA-FFF1-4E24-A199-4D2927BD31E4}"
EndProject
Project("{8BC9CEB8-8B4A-11D0-8D11-00A0C91BC942}") = "4-08", "4-8\4-8.vcxproj", "{D56E6622-E696-42ED-8815-F946864413F4}"
EndProject
Project("{8BC9CEB8-8B4A-11D0-8D11-00A0C91BC942}") = "4-09", "4-9\4-9.vcxproj", "{391FAE83-3DB3-40CF-A944-4669B2C8E24B}"
EndProject
Project("{8BC9CEB8-8B4A-11D0-8D11-00A0C91BC942}") = "4-10", "4-10\4-10.vcxproj", "{64C02BF0-08AC-43DB-AB4F-272544D900F7}"
EndProject
Project("{8BC9CEB8-8B4A-11D0-8D11-00A0C91BC942}") = "4-11", "4-11\4-11.vcxproj", "{45CF16D6-082B-4B63-BB59-5398E0164C6F}"
EndProject
Project("{8BC9CEB8-8B4A-11D0-8D11-00A0C91BC942}") = "4-12", "4-12\4-12.vcxproj", "{16ABCD76-DFD6-4D82-A6F6-07C7BC73DBA9}"
EndProject
Project("{8BC9CEB8-8B4A-11D0-8D11-00A0C91BC942}") = "4-13", "4-13\4-13.vcxproj", "{F82B28A4-36DC-4C4D-A4BB-62B1B3E1C6CB}"
EndProject
Project("{8BC9CEB8-8B4A-11D0-8D11-00A0C91BC942}") = "4-14", "4-14\4-14.vcxproj", "{FB70216C-F772-4A9D-86F3-581EFC66F4B8}"
EndProject
Project("{8BC9CEB8-8B4A-11D0-8D11-00A0C91BC942}") = "4-15", "4-15\4-15.vcxproj", "{F47B4FFB-FF34-41F4-A9F9-D39D81E0D8B9}"
EndProject
Project("{8BC9CEB8-8B4A-11D0-8D11-00A0C91BC942}") = "5-01", "5-1\5-1.vcxproj", "{C4045BC0-09C0-4F6C-A613-54C3F6BC58DA}"
EndProject
Project("{8BC9CEB8-8B4A-11D0-8D11-00A0C91BC942}") = "5-02", "5-02\5-02.vcxproj", "{DF9D7A26-8DCA-4362-AC3B-0C5E6751A5B2}"
EndProject
Project("{8BC9CEB8-8B4A-11D0-8D11-00A0C91BC942}") = "5-03", "5-03\5-03.vcxproj", "{60EA96DF-CB55-4EB5-825A-E2C5B32DED4B}"
EndProject
Project("{8BC9CEB8-8B4A-11D0-8D11-00A0C91BC942}") = "5-04", "5-04\5-04.vcxproj", "{84EDE06A-CFE7-4AEC-A192-11866F311BFA}"
EndProject
Project("{8BC9CEB8-8B4A-11D0-8D11-00A0C91BC942}") = "5-05", "5-05\5-05.vcxproj", "{48DF7F91-61A7-45EA-9E66-336D12C4A397}"
EndProject
Project("{8BC9CEB8-8B4A-11D0-8D11-00A0C91BC942}") = "5-06", "5-06\5-06.vcxproj", "{C9ED60E3-9183-4CC1-B415-184B8173D21F}"
EndProject
Project("{8BC9CEB8-8B4A-11D0-8D11-00A0C91BC942}") = "5-07", "5-07\5-07.vcxproj", "{43B5415B-F483-47BB-B6A0-13858B1045D1}"
EndProject
Project("{8BC9CEB8-8B4A-11D0-8D11-00A0C91BC942}") = "5-08", "5-08\5-08.vcxproj", "{10542C84-4BDF-4CC4-A3EB-0E5350D59500}"
EndProject
Project("{8BC9CEB8-8B4A-11D0-8D11-00A0C91BC942}") = "5-09", "5-09\5-09.vcxproj", "{C4100E80-EF61-4E4D-99B8-C66E806ACC03}"
EndProject
Project("{8BC9CEB8-8B4A-11D0-8D11-00A0C91BC942}") = "5-10", "5-10\5-10.vcxproj", "{4DF0A783-41EB-4E4C-ACA8-702B1506483B}"
EndProject
Project("{8BC9CEB8-8B4A-11D0-8D11-00A0C91BC942}") = "5-11", "5-11\5-11.vcxproj", "{8429867D-3866-4E4F-BC9B-DDEE4309E042}"
EndProject
Project("{8BC9CEB8-8B4A-11D0-8D11-00A0C91BC942}") = "5-12", "5-12\5-12.vcxproj", "{19E6D08D-E811-4C0D-9E19-4ADB1718093D}"
EndProject
Project("{8BC9CEB8-8B4A-11D0-8D11-00A0C91BC942}") = "6-01", "6-01\6-01.vcxproj", "{6F428668-E6BC-465E-B42E-DA2FB11C23D9}"
EndProject
Project("{8BC9CEB8-8B4A-11D0-8D11-00A0C91BC942}") = "6-02", "6-02\6-02.vcxproj", "{1236C0D8-DD0E-4127-A393-1E7EC6BE2F9B}"
EndProject
Project("{8BC9CEB8-8B4A-11D0-8D11-00A0C91BC942}") = "6-03", "6-03\6-03.vcxproj", "{CA1895B0-CD5A-4C13-906D-5837163AF62F}"
EndProject
Project("{8BC9CEB8-8B4A-11D0-8D11-00A0C91BC942}") = "6-04", "6-04\6-04.vcxproj", "{FBAE94E3-40F7-4C32-8593-51CAF7EC71DA}"
EndProject
Project("{8BC9CEB8-8B4A-11D0-8D11-00A0C91BC942}") = "6-05", "6-05\6-05.vcxproj", "{5859CC7D-C08A-4BE2-8510-EDA2E53A7F9D}"
EndProject
Project("{8BC9CEB8-8B4A-11D0-8D11-00A0C91BC942}") = "6-06", "6-06\6-06.vcxproj", "{6CFD1CCA-44C9-46AB-8E1A-F856C4F28810}"
EndProject
Project("{8BC9CEB8-8B4A-11D0-8D11-00A0C91BC942}") = "6-07", "6-07\6-07.vcxproj", "{03F5CC7F-0A0E-4D1B-9D2C-49BF300AD88A}"
EndProject
Project("{8BC9CEB8-8B4A-11D0-8D11-00A0C91BC942}") = "6-08", "6-08\6-08.vcxproj", "{D69A132A-BE58-4563-B47A-AC4F4A964F9D}"
EndProject
Project("{8BC9CEB8-8B4A-11D0-8D11-00A0C91BC942}") = "6-09", "6-09\6-09.vcxproj", "{960D6565-4F37-43DB-9F37-829323B5D920}"
EndProject
Global
	GlobalSection(SolutionConfigurationPlatforms) = preSolution
		Debug|x64 = Debug|x64
		Debug|x86 = Debug|x86
		Release|x64 = Release|x64
		Release|x86 = Release|x86
	EndGlobalSection
	GlobalSection(ProjectConfigurationPlatforms) = postSolution
		{FDF90EAF-B7C7-46AC-B11D-E924D22096B0}.Debug|x64.ActiveCfg = Debug|x64
		{FDF90EAF-B7C7-46AC-B11D-E924D22096B0}.Debug|x64.Build.0 = Debug|x64
		{FDF90EAF-B7C7-46AC-B11D-E924D22096B0}.Debug|x86.ActiveCfg = Debug|Win32
		{FDF90EAF-B7C7-46AC-B11D-E924D22096B0}.Debug|x86.Build.0 = Debug|Win32
		{FDF90EAF-B7C7-46AC-B11D-E924D22096B0}.Release|x64.ActiveCfg = Release|x64
		{FDF90EAF-B7C7-46AC-B11D-E924D22096B0}.Release|x64.Build.0 = Release|x64
		{FDF90EAF-B7C7-46AC-B11D-E924D22096B0}.Release|x86.ActiveCfg = Release|Win32
		{FDF90EAF-B7C7-46AC-B11D-E924D22096B0}.Release|x86.Build.0 = Release|Win32
		{627193BB-B03A-4815-8188-E3EA0A7EFB49}.Debug|x64.ActiveCfg = Debug|x64
		{627193BB-B03A-4815-8188-E3EA0A7EFB49}.Debug|x64.Build.0 = Debug|x64
		{627193BB-B03A-4815-8188-E3EA0A7EFB49}.Debug|x86.ActiveCfg = Debug|Win32
		{627193BB-B03A-4815-8188-E3EA0A7EFB49}.Debug|x86.Build.0 = Debug|Win32
		{627193BB-B03A-4815-8188-E3EA0A7EFB49}.Release|x64.ActiveCfg = Release|x64
		{627193BB-B03A-4815-8188-E3EA0A7EFB49}.Release|x64.Build.0 = Release|x64
		{627193BB-B03A-4815-8188-E3EA0A7EFB49}.Release|x86.ActiveCfg = Release|Win32
		{627193BB-B03A-4815-8188-E3EA0A7EFB49}.Release|x86.Build.0 = Release|Win32
		{232F0081-772B-4188-933A-9A56A5E8C916}.Debug|x64.ActiveCfg = Debug|x64
		{232F0081-772B-4188-933A-9A56A5E8C916}.Debug|x64.Build.0 = Debug|x64
		{232F0081-772B-4188-933A-9A56A5E8C916}.Debug|x86.ActiveCfg = Debug|Win32
		{232F0081-772B-4188-933A-9A56A5E8C916}.Debug|x86.Build.0 = Debug|Win32
		{232F0081-772B-4188-933A-9A56A5E8C916}.Release|x64.ActiveCfg = Release|x64
		{232F0081-772B-4188-933A-9A56A5E8C916}.Release|x64.Build.0 = Release|x64
		{232F0081-772B-4188-933A-9A56A5E8C916}.Release|x86.ActiveCfg = Release|Win32
		{232F0081-772B-4188-933A-9A56A5E8C916}.Release|x86.Build.0 = Release|Win32
		{4A5B60FB-F00D-42B4-A72D-608F609DD349}.Debug|x64.ActiveCfg = Debug|x64
		{4A5B60FB-F00D-42B4-A72D-608F609DD349}.Debug|x64.Build.0 = Debug|x64
		{4A5B60FB-F00D-42B4-A72D-608F609DD349}.Debug|x86.ActiveCfg = Debug|Win32
		{4A5B60FB-F00D-42B4-A72D-608F609DD349}.Debug|x86.Build.0 = Debug|Win32
		{4A5B60FB-F00D-42B4-A72D-608F609DD349}.Release|x64.ActiveCfg = Release|x64
		{4A5B60FB-F00D-42B4-A72D-608F609DD349}.Release|x64.Build.0 = Release|x64
		{4A5B60FB-F00D-42B4-A72D-608F609DD349}.Release|x86.ActiveCfg = Release|Win32
		{4A5B60FB-F00D-42B4-A72D-608F609DD349}.Release|x86.Build.0 = Release|Win32
		{79E2E605-129D-4351-813D-756A65D0AF55}.Debug|x64.ActiveCfg = Debug|x64
		{79E2E605-129D-4351-813D-756A65D0AF55}.Debug|x64.Build.0 = Debug|x64
		{79E2E605-129D-4351-813D-756A65D0AF55}.Debug|x86.ActiveCfg = Debug|Win32
		{79E2E605-129D-4351-813D-756A65D0AF55}.Debug|x86.Build.0 = Debug|Win32
		{79E2E605-129D-4351-813D-756A65D0AF55}.Release|x64.ActiveCfg = Release|x64
		{79E2E605-129D-4351-813D-756A65D0AF55}.Release|x64.Build.0 = Release|x64
		{79E2E605-129D-4351-813D-756A65D0AF55}.Release|x86.ActiveCfg = Release|Win32
		{79E2E605-129D-4351-813D-756A65D0AF55}.Release|x86.Build.0 = Release|Win32
		{17FCB5E8-1303-462D-8A55-2477C433E915}.Debug|x64.ActiveCfg = Debug|x64
		{17FCB5E8-1303-462D-8A55-2477C433E915}.Debug|x64.Build.0 = Debug|x64
		{17FCB5E8-1303-462D-8A55-2477C433E915}.Debug|x86.ActiveCfg = Debug|Win32
		{17FCB5E8-1303-462D-8A55-2477C433E915}.Debug|x86.Build.0 = Debug|Win32
		{17FCB5E8-1303-462D-8A55-2477C433E915}.Release|x64.ActiveCfg = Release|x64
		{17FCB5E8-1303-462D-8A55-2477C433E915}.Release|x64.Build.0 = Release|x64
		{17FCB5E8-1303-462D-8A55-2477C433E915}.Release|x86.ActiveCfg = Release|Win32
		{17FCB5E8-1303-462D-8A55-2477C433E915}.Release|x86.Build.0 = Release|Win32
		{CDE5B50D-6CD0-464C-8599-45CD42752E17}.Debug|x64.ActiveCfg = Debug|x64
		{CDE5B50D-6CD0-464C-8599-45CD42752E17}.Debug|x64.Build.0 = Debug|x64
		{CDE5B50D-6CD0-464C-8599-45CD42752E17}.Debug|x86.ActiveCfg = Debug|Win32
		{CDE5B50D-6CD0-464C-8599-45CD42752E17}.Debug|x86.Build.0 = Debug|Win32
		{CDE5B50D-6CD0-464C-8599-45CD42752E17}.Release|x64.ActiveCfg = Release|x64
		{CDE5B50D-6CD0-464C-8599-45CD42752E17}.Release|x64.Build.0 = Release|x64
		{CDE5B50D-6CD0-464C-8599-45CD42752E17}.Release|x86.ActiveCfg = Release|Win32
		{CDE5B50D-6CD0-464C-8599-45CD42752E17}.Release|x86.Build.0 = Release|Win32
		{55357CA1-D077-46FD-AE67-30DBA6174080}.Debug|x64.ActiveCfg = Debug|x64
		{55357CA1-D077-46FD-AE67-30DBA6174080}.Debug|x64.Build.0 = Debug|x64
		{55357CA1-D077-46FD-AE67-30DBA6174080}.Debug|x86.ActiveCfg = Debug|Win32
		{55357CA1-D077-46FD-AE67-30DBA6174080}.Debug|x86.Build.0 = Debug|Win32
		{55357CA1-D077-46FD-AE67-30DBA6174080}.Release|x64.ActiveCfg = Release|x64
		{55357CA1-D077-46FD-AE67-30DBA6174080}.Release|x64.Build.0 = Release|x64
		{55357CA1-D077-46FD-AE67-30DBA6174080}.Release|x86.ActiveCfg = Release|Win32
		{55357CA1-D077-46FD-AE67-30DBA6174080}.Release|x86.Build.0 = Release|Win32
		{412F0430-EF25-445C-9BEF-0C3C2F4053D5}.Debug|x64.ActiveCfg = Debug|x64
		{412F0430-EF25-445C-9BEF-0C3C2F4053D5}.Debug|x64.Build.0 = Debug|x64
		{412F0430-EF25-445C-9BEF-0C3C2F4053D5}.Debug|x86.ActiveCfg = Debug|Win32
		{412F0430-EF25-445C-9BEF-0C3C2F4053D5}.Debug|x86.Build.0 = Debug|Win32
		{412F0430-EF25-445C-9BEF-0C3C2F4053D5}.Release|x64.ActiveCfg = Release|x64
		{412F0430-EF25-445C-9BEF-0C3C2F4053D5}.Release|x64.Build.0 = Release|x64
		{412F0430-EF25-445C-9BEF-0C3C2F4053D5}.Release|x86.ActiveCfg = Release|Win32
		{412F0430-EF25-445C-9BEF-0C3C2F4053D5}.Release|x86.Build.0 = Release|Win32
		{69323C54-FE81-41AA-AE8C-5FB85B1EA5F1}.Debug|x64.ActiveCfg = Debug|x64
		{69323C54-FE81-41AA-AE8C-5FB85B1EA5F1}.Debug|x64.Build.0 = Debug|x64
		{69323C54-FE81-41AA-AE8C-5FB85B1EA5F1}.Debug|x86.ActiveCfg = Debug|Win32
		{69323C54-FE81-41AA-AE8C-5FB85B1EA5F1}.Debug|x86.Build.0 = Debug|Win32
		{69323C54-FE81-41AA-AE8C-5FB85B1EA5F1}.Release|x64.ActiveCfg = Release|x64
		{69323C54-FE81-41AA-AE8C-5FB85B1EA5F1}.Release|x64.Build.0 = Release|x64
		{69323C54-FE81-41AA-AE8C-5FB85B1EA5F1}.Release|x86.ActiveCfg = Release|Win32
		{69323C54-FE81-41AA-AE8C-5FB85B1EA5F1}.Release|x86.Build.0 = Release|Win32
		{4AB94969-6D50-4934-8977-AB4E7A5A64FE}.Debug|x64.ActiveCfg = Debug|x64
		{4AB94969-6D50-4934-8977-AB4E7A5A64FE}.Debug|x64.Build.0 = Debug|x64
		{4AB94969-6D50-4934-8977-AB4E7A5A64FE}.Debug|x86.ActiveCfg = Debug|Win32
		{4AB94969-6D50-4934-8977-AB4E7A5A64FE}.Debug|x86.Build.0 = Debug|Win32
		{4AB94969-6D50-4934-8977-AB4E7A5A64FE}.Release|x64.ActiveCfg = Release|x64
		{4AB94969-6D50-4934-8977-AB4E7A5A64FE}.Release|x64.Build.0 = Release|x64
		{4AB94969-6D50-4934-8977-AB4E7A5A64FE}.Release|x86.ActiveCfg = Release|Win32
		{4AB94969-6D50-4934-8977-AB4E7A5A64FE}.Release|x86.Build.0 = Release|Win32
		{4A08E01A-4A73-42C9-A09D-BD5BF0A497B6}.Debug|x64.ActiveCfg = Debug|x64
		{4A08E01A-4A73-42C9-A09D-BD5BF0A497B6}.Debug|x64.Build.0 = Debug|x64
		{4A08E01A-4A73-42C9-A09D-BD5BF0A497B6}.Debug|x86.ActiveCfg = Debug|Win32
		{4A08E01A-4A73-42C9-A09D-BD5BF0A497B6}.Debug|x86.Build.0 = Debug|Win32
		{4A08E01A-4A73-42C9-A09D-BD5BF0A497B6}.Release|x64.ActiveCfg = Release|x64
		{4A08E01A-4A73-42C9-A09D-BD5BF0A497B6}.Release|x64.Build.0 = Release|x64
		{4A08E01A-4A73-42C9-A09D-BD5BF0A497B6}.Release|x86.ActiveCfg = Release|Win32
		{4A08E01A-4A73-42C9-A09D-BD5BF0A497B6}.Release|x86.Build.0 = Release|Win32
		{BC5BE0C4-CBBD-48AE-9DDF-678CB78A71E2}.Debug|x64.ActiveCfg = Debug|x64
		{BC5BE0C4-CBBD-48AE-9DDF-678CB78A71E2}.Debug|x64.Build.0 = Debug|x64
		{BC5BE0C4-CBBD-48AE-9DDF-678CB78A71E2}.Debug|x86.ActiveCfg = Debug|Win32
		{BC5BE0C4-CBBD-48AE-9DDF-678CB78A71E2}.Debug|x86.Build.0 = Debug|Win32
		{BC5BE0C4-CBBD-48AE-9DDF-678CB78A71E2}.Release|x64.ActiveCfg = Release|x64
		{BC5BE0C4-CBBD-48AE-9DDF-678CB78A71E2}.Release|x64.Build.0 = Release|x64
		{BC5BE0C4-CBBD-48AE-9DDF-678CB78A71E2}.Release|x86.ActiveCfg = Release|Win32
		{BC5BE0C4-CBBD-48AE-9DDF-678CB78A71E2}.Release|x86.Build.0 = Release|Win32
		{CC4C643A-DA02-4312-80B1-1060A9C672AD}.Debug|x64.ActiveCfg = Debug|x64
		{CC4C643A-DA02-4312-80B1-1060A9C672AD}.Debug|x64.Build.0 = Debug|x64
		{CC4C643A-DA02-4312-80B1-1060A9C672AD}.Debug|x86.ActiveCfg = Debug|Win32
		{CC4C643A-DA02-4312-80B1-1060A9C672AD}.Debug|x86.Build.0 = Debug|Win32
		{CC4C643A-DA02-4312-80B1-1060A9C672AD}.Release|x64.ActiveCfg = Release|x64
		{CC4C643A-DA02-4312-80B1-1060A9C672AD}.Release|x64.Build.0 = Release|x64
		{CC4C643A-DA02-4312-80B1-1060A9C672AD}.Release|x86.ActiveCfg = Release|Win32
		{CC4C643A-DA02-4312-80B1-1060A9C672AD}.Release|x86.Build.0 = Release|Win32
		{B02C7251-830E-426A-A50D-C8D18822CF90}.Debug|x64.ActiveCfg = Debug|x64
		{B02C7251-830E-426A-A50D-C8D18822CF90}.Debug|x64.Build.0 = Debug|x64
		{B02C7251-830E-426A-A50D-C8D18822CF90}.Debug|x86.ActiveCfg = Debug|Win32
		{B02C7251-830E-426A-A50D-C8D18822CF90}.Debug|x86.Build.0 = Debug|Win32
		{B02C7251-830E-426A-A50D-C8D18822CF90}.Release|x64.ActiveCfg = Release|x64
		{B02C7251-830E-426A-A50D-C8D18822CF90}.Release|x64.Build.0 = Release|x64
		{B02C7251-830E-426A-A50D-C8D18822CF90}.Release|x86.ActiveCfg = Release|Win32
		{B02C7251-830E-426A-A50D-C8D18822CF90}.Release|x86.Build.0 = Release|Win32
		{337BB5AA-FFF1-4E24-A199-4D2927BD31E4}.Debug|x64.ActiveCfg = Debug|x64
		{337BB5AA-FFF1-4E24-A199-4D2927BD31E4}.Debug|x64.Build.0 = Debug|x64
		{337BB5AA-FFF1-4E24-A199-4D2927BD31E4}.Debug|x86.ActiveCfg = Debug|Win32
		{337BB5AA-FFF1-4E24-A199-4D2927BD31E4}.Debug|x86.Build.0 = Debug|Win32
		{337BB5AA-FFF1-4E24-A199-4D2927BD31E4}.Release|x64.ActiveCfg = Release|x64
		{337BB5AA-FFF1-4E24-A199-4D2927BD31E4}.Release|x64.Build.0 = Release|x64
		{337BB5AA-FFF1-4E24-A199-4D2927BD31E4}.Release|x86.ActiveCfg = Release|Win32
		{337BB5AA-FFF1-4E24-A199-4D2927BD31E4}.Release|x86.Build.0 = Release|Win32
		{D56E6622-E696-42ED-8815-F946864413F4}.Debug|x64.ActiveCfg = Debug|x64
		{D56E6622-E696-42ED-8815-F946864413F4}.Debug|x64.Build.0 = Debug|x64
		{D56E6622-E696-42ED-8815-F946864413F4}.Debug|x86.ActiveCfg = Debug|Win32
		{D56E6622-E696-42ED-8815-F946864413F4}.Debug|x86.Build.0 = Debug|Win32
		{D56E6622-E696-42ED-8815-F946864413F4}.Release|x64.ActiveCfg = Release|x64
		{D56E6622-E696-42ED-8815-F946864413F4}.Release|x64.Build.0 = Release|x64
		{D56E6622-E696-42ED-8815-F946864413F4}.Release|x86.ActiveCfg = Release|Win32
		{D56E6622-E696-42ED-8815-F946864413F4}.Release|x86.Build.0 = Release|Win32
		{391FAE83-3DB3-40CF-A944-4669B2C8E24B}.Debug|x64.ActiveCfg = Debug|x64
		{391FAE83-3DB3-40CF-A944-4669B2C8E24B}.Debug|x64.Build.0 = Debug|x64
		{391FAE83-3DB3-40CF-A944-4669B2C8E24B}.Debug|x86.ActiveCfg = Debug|Win32
		{391FAE83-3DB3-40CF-A944-4669B2C8E24B}.Debug|x86.Build.0 = Debug|Win32
		{391FAE83-3DB3-40CF-A944-4669B2C8E24B}.Release|x64.ActiveCfg = Release|x64
		{391FAE83-3DB3-40CF-A944-4669B2C8E24B}.Release|x64.Build.0 = Release|x64
		{391FAE83-3DB3-40CF-A944-4669B2C8E24B}.Release|x86.ActiveCfg = Release|Win32
		{391FAE83-3DB3-40CF-A944-4669B2C8E24B}.Release|x86.Build.0 = Release|Win32
		{64C02BF0-08AC-43DB-AB4F-272544D900F7}.Debug|x64.ActiveCfg = Debug|x64
		{64C02BF0-08AC-43DB-AB4F-272544D900F7}.Debug|x64.Build.0 = Debug|x64
		{64C02BF0-08AC-43DB-AB4F-272544D900F7}.Debug|x86.ActiveCfg = Debug|Win32
		{64C02BF0-08AC-43DB-AB4F-272544D900F7}.Debug|x86.Build.0 = Debug|Win32
		{64C02BF0-08AC-43DB-AB4F-272544D900F7}.Release|x64.ActiveCfg = Release|x64
		{64C02BF0-08AC-43DB-AB4F-272544D900F7}.Release|x64.Build.0 = Release|x64
		{64C02BF0-08AC-43DB-AB4F-272544D900F7}.Release|x86.ActiveCfg = Release|Win32
		{64C02BF0-08AC-43DB-AB4F-272544D900F7}.Release|x86.Build.0 = Release|Win32
		{45CF16D6-082B-4B63-BB59-5398E0164C6F}.Debug|x64.ActiveCfg = Debug|x64
		{45CF16D6-082B-4B63-BB59-5398E0164C6F}.Debug|x64.Build.0 = Debug|x64
		{45CF16D6-082B-4B63-BB59-5398E0164C6F}.Debug|x86.ActiveCfg = Debug|Win32
		{45CF16D6-082B-4B63-BB59-5398E0164C6F}.Debug|x86.Build.0 = Debug|Win32
		{45CF16D6-082B-4B63-BB59-5398E0164C6F}.Release|x64.ActiveCfg = Release|x64
		{45CF16D6-082B-4B63-BB59-5398E0164C6F}.Release|x64.Build.0 = Release|x64
		{45CF16D6-082B-4B63-BB59-5398E0164C6F}.Release|x86.ActiveCfg = Release|Win32
		{45CF16D6-082B-4B63-BB59-5398E0164C6F}.Release|x86.Build.0 = Release|Win32
		{16ABCD76-DFD6-4D82-A6F6-07C7BC73DBA9}.Debug|x64.ActiveCfg = Debug|x64
		{16ABCD76-DFD6-4D82-A6F6-07C7BC73DBA9}.Debug|x64.Build.0 = Debug|x64
		{16ABCD76-DFD6-4D82-A6F6-07C7BC73DBA9}.Debug|x86.ActiveCfg = Debug|Win32
		{16ABCD76-DFD6-4D82-A6F6-07C7BC73DBA9}.Debug|x86.Build.0 = Debug|Win32
		{16ABCD76-DFD6-4D82-A6F6-07C7BC73DBA9}.Release|x64.ActiveCfg = Release|x64
		{16ABCD76-DFD6-4D82-A6F6-07C7BC73DBA9}.Release|x64.Build.0 = Release|x64
		{16ABCD76-DFD6-4D82-A6F6-07C7BC73DBA9}.Release|x86.ActiveCfg = Release|Win32
		{16ABCD76-DFD6-4D82-A6F6-07C7BC73DBA9}.Release|x86.Build.0 = Release|Win32
		{F82B28A4-36DC-4C4D-A4BB-62B1B3E1C6CB}.Debug|x64.ActiveCfg = Debug|x64
		{F82B28A4-36DC-4C4D-A4BB-62B1B3E1C6CB}.Debug|x64.Build.0 = Debug|x64
		{F82B28A4-36DC-4C4D-A4BB-62B1B3E1C6CB}.Debug|x86.ActiveCfg = Debug|Win32
		{F82B28A4-36DC-4C4D-A4BB-62B1B3E1C6CB}.Debug|x86.Build.0 = Debug|Win32
		{F82B28A4-36DC-4C4D-A4BB-62B1B3E1C6CB}.Release|x64.ActiveCfg = Release|x64
		{F82B28A4-36DC-4C4D-A4BB-62B1B3E1C6CB}.Release|x64.Build.0 = Release|x64
		{F82B28A4-36DC-4C4D-A4BB-62B1B3E1C6CB}.Release|x86.ActiveCfg = Release|Win32
		{F82B28A4-36DC-4C4D-A4BB-62B1B3E1C6CB}.Release|x86.Build.0 = Release|Win32
		{FB70216C-F772-4A9D-86F3-581EFC66F4B8}.Debug|x64.ActiveCfg = Debug|x64
		{FB70216C-F772-4A9D-86F3-581EFC66F4B8}.Debug|x64.Build.0 = Debug|x64
		{FB70216C-F772-4A9D-86F3-581EFC66F4B8}.Debug|x86.ActiveCfg = Debug|Win32
		{FB70216C-F772-4A9D-86F3-581EFC66F4B8}.Debug|x86.Build.0 = Debug|Win32
		{FB70216C-F772-4A9D-86F3-581EFC66F4B8}.Release|x64.ActiveCfg = Release|x64
		{FB70216C-F772-4A9D-86F3-581EFC66F4B8}.Release|x64.Build.0 = Release|x64
		{FB70216C-F772-4A9D-86F3-581EFC66F4B8}.Release|x86.ActiveCfg = Release|Win32
		{FB70216C-F772-4A9D-86F3-581EFC66F4B8}.Release|x86.Build.0 = Release|Win32
		{F47B4FFB-FF34-41F4-A9F9-D39D81E0D8B9}.Debug|x64.ActiveCfg = Debug|x64
		{F47B4FFB-FF34-41F4-A9F9-D39D81E0D8B9}.Debug|x64.Build.0 = Debug|x64
		{F47B4FFB-FF34-41F4-A9F9-D39D81E0D8B9}.Debug|x86.ActiveCfg = Debug|Win32
		{F47B4FFB-FF34-41F4-A9F9-D39D81E0D8B9}.Debug|x86.Build.0 = Debug|Win32
		{F47B4FFB-FF34-41F4-A9F9-D39D81E0D8B9}.Release|x64.ActiveCfg = Release|x64
		{F47B4FFB-FF34-41F4-A9F9-D39D81E0D8B9}.Release|x64.Build.0 = Release|x64
		{F47B4FFB-FF34-41F4-A9F9-D39D81E0D8B9}.Release|x86.ActiveCfg = Release|Win32
		{F47B4FFB-FF34-41F4-A9F9-D39D81E0D8B9}.Release|x86.Build.0 = Release|Win32
		{C4045BC0-09C0-4F6C-A613-54C3F6BC58DA}.Debug|x64.ActiveCfg = Debug|x64
		{C4045BC0-09C0-4F6C-A613-54C3F6BC58DA}.Debug|x64.Build.0 = Debug|x64
		{C4045BC0-09C0-4F6C-A613-54C3F6BC58DA}.Debug|x86.ActiveCfg = Debug|Win32
		{C4045BC0-09C0-4F6C-A613-54C3F6BC58DA}.Debug|x86.Build.0 = Debug|Win32
		{C4045BC0-09C0-4F6C-A613-54C3F6BC58DA}.Release|x64.ActiveCfg = Release|x64
		{C4045BC0-09C0-4F6C-A613-54C3F6BC58DA}.Release|x64.Build.0 = Release|x64
		{C4045BC0-09C0-4F6C-A613-54C3F6BC58DA}.Release|x86.ActiveCfg = Release|Win32
		{C4045BC0-09C0-4F6C-A613-54C3F6BC58DA}.Release|x86.Build.0 = Release|Win32
		{DF9D7A26-8DCA-4362-AC3B-0C5E6751A5B2}.Debug|x64.ActiveCfg = Debug|x64
		{DF9D7A26-8DCA-4362-AC3B-0C5E6751A5B2}.Debug|x64.Build.0 = Debug|x64
		{DF9D7A26-8DCA-4362-AC3B-0C5E6751A5B2}.Debug|x86.ActiveCfg = Debug|Win32
		{DF9D7A26-8DCA-4362-AC3B-0C5E6751A5B2}.Debug|x86.Build.0 = Debug|Win32
		{DF9D7A26-8DCA-4362-AC3B-0C5E6751A5B2}.Release|x64.ActiveCfg = Release|x64
		{DF9D7A26-8DCA-4362-AC3B-0C5E6751A5B2}.Release|x64.Build.0 = Release|x64
		{DF9D7A26-8DCA-4362-AC3B-0C5E6751A5B2}.Release|x86.ActiveCfg = Release|Win32
		{DF9D7A26-8DCA-4362-AC3B-0C5E6751A5B2}.Release|x86.Build.0 = Release|Win32
		{60EA96DF-CB55-4EB5-825A-E2C5B32DED4B}.Debug|x64.ActiveCfg = Debug|x64
		{60EA96DF-CB55-4EB5-825A-E2C5B32DED4B}.Debug|x64.Build.0 = Debug|x64
		{60EA96DF-CB55-4EB5-825A-E2C5B32DED4B}.Debug|x86.ActiveCfg = Debug|Win32
		{60EA96DF-CB55-4EB5-825A-E2C5B32DED4B}.Debug|x86.Build.0 = Debug|Win32
		{60EA96DF-CB55-4EB5-825A-E2C5B32DED4B}.Release|x64.ActiveCfg = Release|x64
		{60EA96DF-CB55-4EB5-825A-E2C5B32DED4B}.Release|x64.Build.0 = Release|x64
		{60EA96DF-CB55-4EB5-825A-E2C5B32DED4B}.Release|x86.ActiveCfg = Release|Win32
		{60EA96DF-CB55-4EB5-825A-E2C5B32DED4B}.Release|x86.Build.0 = Release|Win32
		{84EDE06A-CFE7-4AEC-A192-11866F311BFA}.Debug|x64.ActiveCfg = Debug|x64
		{84EDE06A-CFE7-4AEC-A192-11866F311BFA}.Debug|x64.Build.0 = Debug|x64
		{84EDE06A-CFE7-4AEC-A192-11866F311BFA}.Debug|x86.ActiveCfg = Debug|Win32
		{84EDE06A-CFE7-4AEC-A192-11866F311BFA}.Debug|x86.Build.0 = Debug|Win32
		{84EDE06A-CFE7-4AEC-A192-11866F311BFA}.Release|x64.ActiveCfg = Release|x64
		{84EDE06A-CFE7-4AEC-A192-11866F311BFA}.Release|x64.Build.0 = Release|x64
		{84EDE06A-CFE7-4AEC-A192-11866F311BFA}.Release|x86.ActiveCfg = Release|Win32
		{84EDE06A-CFE7-4AEC-A192-11866F311BFA}.Release|x86.Build.0 = Release|Win32
		{48DF7F91-61A7-45EA-9E66-336D12C4A397}.Debug|x64.ActiveCfg = Debug|x64
		{48DF7F91-61A7-45EA-9E66-336D12C4A397}.Debug|x64.Build.0 = Debug|x64
		{48DF7F91-61A7-45EA-9E66-336D12C4A397}.Debug|x86.ActiveCfg = Debug|Win32
		{48DF7F91-61A7-45EA-9E66-336D12C4A397}.Debug|x86.Build.0 = Debug|Win32
		{48DF7F91-61A7-45EA-9E66-336D12C4A397}.Release|x64.ActiveCfg = Release|x64
		{48DF7F91-61A7-45EA-9E66-336D12C4A397}.Release|x64.Build.0 = Release|x64
		{48DF7F91-61A7-45EA-9E66-336D12C4A397}.Release|x86.ActiveCfg = Release|Win32
		{48DF7F91-61A7-45EA-9E66-336D12C4A397}.Release|x86.Build.0 = Release|Win32
		{C9ED60E3-9183-4CC1-B415-184B8173D21F}.Debug|x64.ActiveCfg = Debug|x64
		{C9ED60E3-9183-4CC1-B415-184B8173D21F}.Debug|x64.Build.0 = Debug|x64
		{C9ED60E3-9183-4CC1-B415-184B8173D21F}.Debug|x86.ActiveCfg = Debug|Win32
		{C9ED60E3-9183-4CC1-B415-184B8173D21F}.Debug|x86.Build.0 = Debug|Win32
		{C9ED60E3-9183-4CC1-B415-184B8173D21F}.Release|x64.ActiveCfg = Release|x64
		{C9ED60E3-9183-4CC1-B415-184B8173D21F}.Release|x64.Build.0 = Release|x64
		{C9ED60E3-9183-4CC1-B415-184B8173D21F}.Release|x86.ActiveCfg = Release|Win32
		{C9ED60E3-9183-4CC1-B415-184B8173D21F}.Release|x86.Build.0 = Release|Win32
		{43B5415B-F483-47BB-B6A0-13858B1045D1}.Debug|x64.ActiveCfg = Debug|x64
		{43B5415B-F483-47BB-B6A0-13858B1045D1}.Debug|x64.Build.0 = Debug|x64
		{43B5415B-F483-47BB-B6A0-13858B1045D1}.Debug|x86.ActiveCfg = Debug|Win32
		{43B5415B-F483-47BB-B6A0-13858B1045D1}.Debug|x86.Build.0 = Debug|Win32
		{43B5415B-F483-47BB-B6A0-13858B1045D1}.Release|x64.ActiveCfg = Release|x64
		{43B5415B-F483-47BB-B6A0-13858B1045D1}.Release|x64.Build.0 = Release|x64
		{43B5415B-F483-47BB-B6A0-13858B1045D1}.Release|x86.ActiveCfg = Release|Win32
		{43B5415B-F483-47BB-B6A0-13858B1045D1}.Release|x86.Build.0 = Release|Win32
		{10542C84-4BDF-4CC4-A3EB-0E5350D59500}.Debug|x64.ActiveCfg = Debug|x64
		{10542C84-4BDF-4CC4-A3EB-0E5350D59500}.Debug|x64.Build.0 = Debug|x64
		{10542C84-4BDF-4CC4-A3EB-0E5350D59500}.Debug|x86.ActiveCfg = Debug|Win32
		{10542C84-4BDF-4CC4-A3EB-0E5350D59500}.Debug|x86.Build.0 = Debug|Win32
		{10542C84-4BDF-4CC4-A3EB-0E5350D59500}.Release|x64.ActiveCfg = Release|x64
		{10542C84-4BDF-4CC4-A3EB-0E5350D59500}.Release|x64.Build.0 = Release|x64
		{10542C84-4BDF-4CC4-A3EB-0E5350D59500}.Release|x86.ActiveCfg = Release|Win32
		{10542C84-4BDF-4CC4-A3EB-0E5350D59500}.Release|x86.Build.0 = Release|Win32
		{C4100E80-EF61-4E4D-99B8-C66E806ACC03}.Debug|x64.ActiveCfg = Debug|x64
		{C4100E80-EF61-4E4D-99B8-C66E806ACC03}.Debug|x64.Build.0 = Debug|x64
		{C4100E80-EF61-4E4D-99B8-C66E806ACC03}.Debug|x86.ActiveCfg = Debug|Win32
		{C4100E80-EF61-4E4D-99B8-C66E806ACC03}.Debug|x86.Build.0 = Debug|Win32
		{C4100E80-EF61-4E4D-99B8-C66E806ACC03}.Release|x64.ActiveCfg = Release|x64
		{C4100E80-EF61-4E4D-99B8-C66E806ACC03}.Release|x64.Build.0 = Release|x64
		{C4100E80-EF61-4E4D-99B8-C66E806ACC03}.Release|x86.ActiveCfg = Release|Win32
		{C4100E80-EF61-4E4D-99B8-C66E806ACC03}.Release|x86.Build.0 = Release|Win32
		{4DF0A783-41EB-4E4C-ACA8-702B1506483B}.Debug|x64.ActiveCfg = Debug|x64
		{4DF0A783-41EB-4E4C-ACA8-702B1506483B}.Debug|x64.Build.0 = Debug|x64
		{4DF0A783-41EB-4E4C-ACA8-702B1506483B}.Debug|x86.ActiveCfg = Debug|Win32
		{4DF0A783-41EB-4E4C-ACA8-702B1506483B}.Debug|x86.Build.0 = Debug|Win32
		{4DF0A783-41EB-4E4C-ACA8-702B1506483B}.Release|x64.ActiveCfg = Release|x64
		{4DF0A783-41EB-4E4C-ACA8-702B1506483B}.Release|x64.Build.0 = Release|x64
		{4DF0A783-41EB-4E4C-ACA8-702B1506483B}.Release|x86.ActiveCfg = Release|Win32
		{4DF0A783-41EB-4E4C-ACA8-702B1506483B}.Release|x86.Build.0 = Release|Win32
		{8429867D-3866-4E4F-BC9B-DDEE4309E042}.Debug|x64.ActiveCfg = Debug|x64
		{8429867D-3866-4E4F-BC9B-DDEE4309E042}.Debug|x64.Build.0 = Debug|x64
		{8429867D-3866-4E4F-BC9B-DDEE4309E042}.Debug|x86.ActiveCfg = Debug|Win32
		{8429867D-3866-4E4F-BC9B-DDEE4309E042}.Debug|x86.Build.0 = Debug|Win32
		{8429867D-3866-4E4F-BC9B-DDEE4309E042}.Release|x64.ActiveCfg = Release|x64
		{8429867D-3866-4E4F-BC9B-DDEE4309E042}.Release|x64.Build.0 = Release|x64
		{8429867D-3866-4E4F-BC9B-DDEE4309E042}.Release|x86.ActiveCfg = Release|Win32
		{8429867D-3866-4E4F-BC9B-DDEE4309E042}.Release|x86.Build.0 = Release|Win32
		{19E6D08D-E811-4C0D-9E19-4ADB1718093D}.Debug|x64.ActiveCfg = Debug|x64
		{19E6D08D-E811-4C0D-9E19-4ADB1718093D}.Debug|x64.Build.0 = Debug|x64
		{19E6D08D-E811-4C0D-9E19-4ADB1718093D}.Debug|x86.ActiveCfg = Debug|Win32
		{19E6D08D-E811-4C0D-9E19-4ADB1718093D}.Debug|x86.Build.0 = Debug|Win32
		{19E6D08D-E811-4C0D-9E19-4ADB1718093D}.Release|x64.ActiveCfg = Release|x64
		{19E6D08D-E811-4C0D-9E19-4ADB1718093D}.Release|x64.Build.0 = Release|x64
		{19E6D08D-E811-4C0D-9E19-4ADB1718093D}.Release|x86.ActiveCfg = Release|Win32
		{19E6D08D-E811-4C0D-9E19-4ADB1718093D}.Release|x86.Build.0 = Release|Win32
		{6F428668-E6BC-465E-B42E-DA2FB11C23D9}.Debug|x64.ActiveCfg = Debug|x64
		{6F428668-E6BC-465E-B42E-DA2FB11C23D9}.Debug|x64.Build.0 = Debug|x64
		{6F428668-E6BC-465E-B42E-DA2FB11C23D9}.Debug|x86.ActiveCfg = Debug|Win32
		{6F428668-E6BC-465E-B42E-DA2FB11C23D9}.Debug|x86.Build.0 = Debug|Win32
		{6F428668-E6BC-465E-B42E-DA2FB11C23D9}.Release|x64.ActiveCfg = Release|x64
		{6F428668-E6BC-465E-B42E-DA2FB11C23D9}.Release|x64.Build.0 = Release|x64
		{6F428668-E6BC-465E-B42E-DA2FB11C23D9}.Release|x86.ActiveCfg = Release|Win32
		{6F428668-E6BC-465E-B42E-DA2FB11C23D9}.Release|x86.Build.0 = Release|Win32
		{1236C0D8-DD0E-4127-A393-1E7EC6BE2F9B}.Debug|x64.ActiveCfg = Debug|x64
		{1236C0D8-DD0E-4127-A393-1E7EC6BE2F9B}.Debug|x64.Build.0 = Debug|x64
		{1236C0D8-DD0E-4127-A393-1E7EC6BE2F9B}.Debug|x86.ActiveCfg = Debug|Win32
		{1236C0D8-DD0E-4127-A393-1E7EC6BE2F9B}.Debug|x86.Build.0 = Debug|Win32
		{1236C0D8-DD0E-4127-A393-1E7EC6BE2F9B}.Release|x64.ActiveCfg = Release|x64
		{1236C0D8-DD0E-4127-A393-1E7EC6BE2F9B}.Release|x64.Build.0 = Release|x64
		{1236C0D8-DD0E-4127-A393-1E7EC6BE2F9B}.Release|x86.ActiveCfg = Release|Win32
		{1236C0D8-DD0E-4127-A393-1E7EC6BE2F9B}.Release|x86.Build.0 = Release|Win32
		{CA1895B0-CD5A-4C13-906D-5837163AF62F}.Debug|x64.ActiveCfg = Debug|x64
		{CA1895B0-CD5A-4C13-906D-5837163AF62F}.Debug|x64.Build.0 = Debug|x64
		{CA1895B0-CD5A-4C13-906D-5837163AF62F}.Debug|x86.ActiveCfg = Debug|Win32
		{CA1895B0-CD5A-4C13-906D-5837163AF62F}.Debug|x86.Build.0 = Debug|Win32
		{CA1895B0-CD5A-4C13-906D-5837163AF62F}.Release|x64.ActiveCfg = Release|x64
		{CA1895B0-CD5A-4C13-906D-5837163AF62F}.Release|x64.Build.0 = Release|x64
		{CA1895B0-CD5A-4C13-906D-5837163AF62F}.Release|x86.ActiveCfg = Release|Win32
		{CA1895B0-CD5A-4C13-906D-5837163AF62F}.Release|x86.Build.0 = Release|Win32
		{FBAE94E3-40F7-4C32-8593-51CAF7EC71DA}.Debug|x64.ActiveCfg = Debug|x64
		{FBAE94E3-40F7-4C32-8593-51CAF7EC71DA}.Debug|x64.Build.0 = Debug|x64
		{FBAE94E3-40F7-4C32-8593-51CAF7EC71DA}.Debug|x86.ActiveCfg = Debug|Win32
		{FBAE94E3-40F7-4C32-8593-51CAF7EC71DA}.Debug|x86.Build.0 = Debug|Win32
		{FBAE94E3-40F7-4C32-8593-51CAF7EC71DA}.Release|x64.ActiveCfg = Release|x64
		{FBAE94E3-40F7-4C32-8593-51CAF7EC71DA}.Release|x64.Build.0 = Release|x64
		{FBAE94E3-40F7-4C32-8593-51CAF7EC71DA}.Release|x86.ActiveCfg = Release|Win32
		{FBAE94E3-40F7-4C32-8593-51CAF7EC71DA}.Release|x86.Build.0 = Release|Win32
		{5859CC7D-C08A-4BE2-8510-EDA2E53A7F9D}.Debug|x64.ActiveCfg = Debug|x64
		{5859CC7D-C08A-4BE2-8510-EDA2E53A7F9D}.Debug|x64.Build.0 = Debug|x64
		{5859CC7D-C08A-4BE2-8510-EDA2E53A7F9D}.Debug|x86.ActiveCfg = Debug|Win32
		{5859CC7D-C08A-4BE2-8510-EDA2E53A7F9D}.Debug|x86.Build.0 = Debug|Win32
		{5859CC7D-C08A-4BE2-8510-EDA2E53A7F9D}.Release|x64.ActiveCfg = Release|x64
		{5859CC7D-C08A-4BE2-8510-EDA2E53A7F9D}.Release|x64.Build.0 = Release|x64
		{5859CC7D-C08A-4BE2-8510-EDA2E53A7F9D}.Release|x86.ActiveCfg = Release|Win32
		{5859CC7D-C08A-4BE2-8510-EDA2E53A7F9D}.Release|x86.Build.0 = Release|Win32
		{6CFD1CCA-44C9-46AB-8E1A-F856C4F28810}.Debug|x64.ActiveCfg = Debug|x64
		{6CFD1CCA-44C9-46AB-8E1A-F856C4F28810}.Debug|x64.Build.0 = Debug|x64
		{6CFD1CCA-44C9-46AB-8E1A-F856C4F28810}.Debug|x86.ActiveCfg = Debug|Win32
		{6CFD1CCA-44C9-46AB-8E1A-F856C4F28810}.Debug|x86.Build.0 = Debug|Win32
		{6CFD1CCA-44C9-46AB-8E1A-F856C4F28810}.Release|x64.ActiveCfg = Release|x64
		{6CFD1CCA-44C9-46AB-8E1A-F856C4F28810}.Release|x64.Build.0 = Release|x64
		{6CFD1CCA-44C9-46AB-8E1A-F856C4F28810}.Release|x86.ActiveCfg = Release|Win32
		{6CFD1CCA-44C9-46AB-8E1A-F856C4F28810}.Release|x86.Build.0 = Release|Win32
		{03F5CC7F-0A0E-4D1B-9D2C-49BF300AD88A}.Debug|x64.ActiveCfg = Debug|x64
		{03F5CC7F-0A0E-4D1B-9D2C-49BF300AD88A}.Debug|x64.Build.0 = Debug|x64
		{03F5CC7F-0A0E-4D1B-9D2C-49BF300AD88A}.Debug|x86.ActiveCfg = Debug|Win32
		{03F5CC7F-0A0E-4D1B-9D2C-49BF300AD88A}.Debug|x86.Build.0 = Debug|Win32
		{03F5CC7F-0A0E-4D1B-9D2C-49BF300AD88A}.Release|x64.ActiveCfg = Release|x64
		{03F5CC7F-0A0E-4D1B-9D2C-49BF300AD88A}.Release|x64.Build.0 = Release|x64
		{03F5CC7F-0A0E-4D1B-9D2C-49BF300AD88A}.Release|x86.ActiveCfg = Release|Win32
		{03F5CC7F-0A0E-4D1B-9D2C-49BF300AD88A}.Release|x86.Build.0 = Release|Win32
		{D69A132A-BE58-4563-B47A-AC4F4A964F9D}.Debug|x64.ActiveCfg = Debug|x64
		{D69A132A-BE58-4563-B47A-AC4F4A964F9D}.Debug|x64.Build.0 = Debug|x64
		{D69A132A-BE58-4563-B47A-AC4F4A964F9D}.Debug|x86.ActiveCfg = Debug|Win32
		{D69A132A-BE58-4563-B47A-AC4F4A964F9D}.Debug|x86.Build.0 = Debug|Win32
		{D69A132A-BE58-4563-B47A-AC4F4A964F9D}.Release|x64.ActiveCfg = Release|x64
		{D69A132A-BE58-4563-B47A-AC4F4A964F9D}.Release|x64.Build.0 = Release|x64
		{D69A132A-BE58-4563-B47A-AC4F4A964F9D}.Release|x86.ActiveCfg = Release|Win32
		{D69A132A-BE58-4563-B47A-AC4F4A964F9D}.Release|x86.Build.0 = Release|Win32
		{960D6565-4F37-43DB-9F37-829323B5D920}.Debug|x64.ActiveCfg = Debug|x64
		{960D6565-4F37-43DB-9F37-829323B5D920}.Debug|x64.Build.0 = Debug|x64
		{960D6565-4F37-43DB-9F37-829323B5D920}.Debug|x86.ActiveCfg = Debug|Win32
		{960D6565-4F37-43DB-9F37-829323B5D920}.Debug|x86.Build.0 = Debug|Win32
		{960D6565-4F37-43DB-9F37-829323B5D920}.Release|x64.ActiveCfg = Release|x64
		{960D6565-4F37-43DB-9F37-829323B5D920}.Release|x64.Build.0 = Release|x64
		{960D6565-4F37-43DB-9F37-829323B5D920}.Release|x86.ActiveCfg = Release|Win32
		{960D6565-4F37-43DB-9F37-829323B5D920}.Release|x86.Build.0 = Release|Win32
	EndGlobalSection
	GlobalSection(SolutionProperties) = preSolution
		HideSolutionNode = FALSE
	EndGlobalSection
	GlobalSection(ExtensibilityGlobals) = postSolution
		SolutionGuid = {FA3CD74E-40A4-4AD4-A38B-13F0228CC676}
	EndGlobalSection
EndGlobal
