
Microsoft Visual Studio Solution File, Format Version 12.00
# Visual Studio Version 17
VisualStudioVersion = 17.3.32922.545
MinimumVisualStudioVersion = 10.0.40219.1
Project("{8BC9CEB8-8B4A-11D0-8D11-00A0C91BC942}") = "01", "01\01.vcxproj", "{C1C39E18-EE3B-43A9-BAFC-07E788BE5098}"
EndProject
Project("{8BC9CEB8-8B4A-11D0-8D11-00A0C91BC942}") = "02", "02\02.vcxproj", "{7EC07D5D-243B-4133-81D6-FEAAFC259B37}"
EndProject
Project("{8BC9CEB8-8B4A-11D0-8D11-00A0C91BC942}") = "03", "03\03.vcxproj", "{AC9A1822-F516-4382-BD49-4498E579467F}"
EndProject
Project("{8BC9CEB8-8B4A-11D0-8D11-00A0C91BC942}") = "04", "04\04.vcxproj", "{1B148DC2-4F14-4B8D-8790-40945BD2ACD8}"
EndProject
Project("{8BC9CEB8-8B4A-11D0-8D11-00A0C91BC942}") = "05", "05\05.vcxproj", "{ED2B6F18-1BCC-4D5C-B10A-D32DB5295076}"
EndProject
Project("{8BC9CEB8-8B4A-11D0-8D11-00A0C91BC942}") = "06", "06\06.vcxproj", "{66F5B107-4CEB-4876-8F98-ADE19712BEDC}"
EndProject
Project("{8BC9CEB8-8B4A-11D0-8D11-00A0C91BC942}") = "07", "07\07.vcxproj", "{0EC43A7D-BED0-4461-A2C8-1E6587E4E583}"
EndProject
Project("{8BC9CEB8-8B4A-11D0-8D11-00A0C91BC942}") = "08", "08\08.vcxproj", "{B2D83BD5-84C6-486D-81E8-49A56E3F79BC}"
EndProject
Project("{8BC9CEB8-8B4A-11D0-8D11-00A0C91BC942}") = "09", "09\09.vcxproj", "{5CC08F06-0197-455A-A2E9-AAEFD11AE60A}"
EndProject
Project("{8BC9CEB8-8B4A-11D0-8D11-00A0C91BC942}") = "10", "10\10.vcxproj", "{03167A52-4E8C-4B17-A8A6-A2E40E697BC7}"
EndProject
Project("{8BC9CEB8-8B4A-11D0-8D11-00A0C91BC942}") = "11", "11\11.vcxproj", "{A649E04F-3C27-4F66-A2AA-23B68C03E350}"
EndProject
Global
	GlobalSection(SolutionConfigurationPlatforms) = preSolution
		Debug|x64 = Debug|x64
		Debug|x86 = Debug|x86
		Release|x64 = Release|x64
		Release|x86 = Release|x86
	EndGlobalSection
	GlobalSection(ProjectConfigurationPlatforms) = postSolution
		{C1C39E18-EE3B-43A9-BAFC-07E788BE5098}.Debug|x64.ActiveCfg = Debug|x64
		{C1C39E18-EE3B-43A9-BAFC-07E788BE5098}.Debug|x64.Build.0 = Debug|x64
		{C1C39E18-EE3B-43A9-BAFC-07E788BE5098}.Debug|x86.ActiveCfg = Debug|Win32
		{C1C39E18-EE3B-43A9-BAFC-07E788BE5098}.Debug|x86.Build.0 = Debug|Win32
		{C1C39E18-EE3B-43A9-BAFC-07E788BE5098}.Release|x64.ActiveCfg = Release|x64
		{C1C39E18-EE3B-43A9-BAFC-07E788BE5098}.Release|x64.Build.0 = Release|x64
		{C1C39E18-EE3B-43A9-BAFC-07E788BE5098}.Release|x86.ActiveCfg = Release|Win32
		{C1C39E18-EE3B-43A9-BAFC-07E788BE5098}.Release|x86.Build.0 = Release|Win32
		{7EC07D5D-243B-4133-81D6-FEAAFC259B37}.Debug|x64.ActiveCfg = Debug|x64
		{7EC07D5D-243B-4133-81D6-FEAAFC259B37}.Debug|x64.Build.0 = Debug|x64
		{7EC07D5D-243B-4133-81D6-FEAAFC259B37}.Debug|x86.ActiveCfg = Debug|Win32
		{7EC07D5D-243B-4133-81D6-FEAAFC259B37}.Debug|x86.Build.0 = Debug|Win32
		{7EC07D5D-243B-4133-81D6-FEAAFC259B37}.Release|x64.ActiveCfg = Release|x64
		{7EC07D5D-243B-4133-81D6-FEAAFC259B37}.Release|x64.Build.0 = Release|x64
		{7EC07D5D-243B-4133-81D6-FEAAFC259B37}.Release|x86.ActiveCfg = Release|Win32
		{7EC07D5D-243B-4133-81D6-FEAAFC259B37}.Release|x86.Build.0 = Release|Win32
		{AC9A1822-F516-4382-BD49-4498E579467F}.Debug|x64.ActiveCfg = Debug|x64
		{AC9A1822-F516-4382-BD49-4498E579467F}.Debug|x64.Build.0 = Debug|x64
		{AC9A1822-F516-4382-BD49-4498E579467F}.Debug|x86.ActiveCfg = Debug|Win32
		{AC9A1822-F516-4382-BD49-4498E579467F}.Debug|x86.Build.0 = Debug|Win32
		{AC9A1822-F516-4382-BD49-4498E579467F}.Release|x64.ActiveCfg = Release|x64
		{AC9A1822-F516-4382-BD49-4498E579467F}.Release|x64.Build.0 = Release|x64
		{AC9A1822-F516-4382-BD49-4498E579467F}.Release|x86.ActiveCfg = Release|Win32
		{AC9A1822-F516-4382-BD49-4498E579467F}.Release|x86.Build.0 = Release|Win32
		{1B148DC2-4F14-4B8D-8790-40945BD2ACD8}.Debug|x64.ActiveCfg = Debug|x64
		{1B148DC2-4F14-4B8D-8790-40945BD2ACD8}.Debug|x64.Build.0 = Debug|x64
		{1B148DC2-4F14-4B8D-8790-40945BD2ACD8}.Debug|x86.ActiveCfg = Debug|Win32
		{1B148DC2-4F14-4B8D-8790-40945BD2ACD8}.Debug|x86.Build.0 = Debug|Win32
		{1B148DC2-4F14-4B8D-8790-40945BD2ACD8}.Release|x64.ActiveCfg = Release|x64
		{1B148DC2-4F14-4B8D-8790-40945BD2ACD8}.Release|x64.Build.0 = Release|x64
		{1B148DC2-4F14-4B8D-8790-40945BD2ACD8}.Release|x86.ActiveCfg = Release|Win32
		{1B148DC2-4F14-4B8D-8790-40945BD2ACD8}.Release|x86.Build.0 = Release|Win32
		{ED2B6F18-1BCC-4D5C-B10A-D32DB5295076}.Debug|x64.ActiveCfg = Debug|x64
		{ED2B6F18-1BCC-4D5C-B10A-D32DB5295076}.Debug|x64.Build.0 = Debug|x64
		{ED2B6F18-1BCC-4D5C-B10A-D32DB5295076}.Debug|x86.ActiveCfg = Debug|Win32
		{ED2B6F18-1BCC-4D5C-B10A-D32DB5295076}.Debug|x86.Build.0 = Debug|Win32
		{ED2B6F18-1BCC-4D5C-B10A-D32DB5295076}.Release|x64.ActiveCfg = Release|x64
		{ED2B6F18-1BCC-4D5C-B10A-D32DB5295076}.Release|x64.Build.0 = Release|x64
		{ED2B6F18-1BCC-4D5C-B10A-D32DB5295076}.Release|x86.ActiveCfg = Release|Win32
		{ED2B6F18-1BCC-4D5C-B10A-D32DB5295076}.Release|x86.Build.0 = Release|Win32
		{66F5B107-4CEB-4876-8F98-ADE19712BEDC}.Debug|x64.ActiveCfg = Debug|x64
		{66F5B107-4CEB-4876-8F98-ADE19712BEDC}.Debug|x64.Build.0 = Debug|x64
		{66F5B107-4CEB-4876-8F98-ADE19712BEDC}.Debug|x86.ActiveCfg = Debug|Win32
		{66F5B107-4CEB-4876-8F98-ADE19712BEDC}.Debug|x86.Build.0 = Debug|Win32
		{66F5B107-4CEB-4876-8F98-ADE19712BEDC}.Release|x64.ActiveCfg = Release|x64
		{66F5B107-4CEB-4876-8F98-ADE19712BEDC}.Release|x64.Build.0 = Release|x64
		{66F5B107-4CEB-4876-8F98-ADE19712BEDC}.Release|x86.ActiveCfg = Release|Win32
		{66F5B107-4CEB-4876-8F98-ADE19712BEDC}.Release|x86.Build.0 = Release|Win32
		{0EC43A7D-BED0-4461-A2C8-1E6587E4E583}.Debug|x64.ActiveCfg = Debug|x64
		{0EC43A7D-BED0-4461-A2C8-1E6587E4E583}.Debug|x64.Build.0 = Debug|x64
		{0EC43A7D-BED0-4461-A2C8-1E6587E4E583}.Debug|x86.ActiveCfg = Debug|Win32
		{0EC43A7D-BED0-4461-A2C8-1E6587E4E583}.Debug|x86.Build.0 = Debug|Win32
		{0EC43A7D-BED0-4461-A2C8-1E6587E4E583}.Release|x64.ActiveCfg = Release|x64
		{0EC43A7D-BED0-4461-A2C8-1E6587E4E583}.Release|x64.Build.0 = Release|x64
		{0EC43A7D-BED0-4461-A2C8-1E6587E4E583}.Release|x86.ActiveCfg = Release|Win32
		{0EC43A7D-BED0-4461-A2C8-1E6587E4E583}.Release|x86.Build.0 = Release|Win32
		{B2D83BD5-84C6-486D-81E8-49A56E3F79BC}.Debug|x64.ActiveCfg = Debug|x64
		{B2D83BD5-84C6-486D-81E8-49A56E3F79BC}.Debug|x64.Build.0 = Debug|x64
		{B2D83BD5-84C6-486D-81E8-49A56E3F79BC}.Debug|x86.ActiveCfg = Debug|Win32
		{B2D83BD5-84C6-486D-81E8-49A56E3F79BC}.Debug|x86.Build.0 = Debug|Win32
		{B2D83BD5-84C6-486D-81E8-49A56E3F79BC}.Release|x64.ActiveCfg = Release|x64
		{B2D83BD5-84C6-486D-81E8-49A56E3F79BC}.Release|x64.Build.0 = Release|x64
		{B2D83BD5-84C6-486D-81E8-49A56E3F79BC}.Release|x86.ActiveCfg = Release|Win32
		{B2D83BD5-84C6-486D-81E8-49A56E3F79BC}.Release|x86.Build.0 = Release|Win32
		{5CC08F06-0197-455A-A2E9-AAEFD11AE60A}.Debug|x64.ActiveCfg = Debug|x64
		{5CC08F06-0197-455A-A2E9-AAEFD11AE60A}.Debug|x64.Build.0 = Debug|x64
		{5CC08F06-0197-455A-A2E9-AAEFD11AE60A}.Debug|x86.ActiveCfg = Debug|Win32
		{5CC08F06-0197-455A-A2E9-AAEFD11AE60A}.Debug|x86.Build.0 = Debug|Win32
		{5CC08F06-0197-455A-A2E9-AAEFD11AE60A}.Release|x64.ActiveCfg = Release|x64
		{5CC08F06-0197-455A-A2E9-AAEFD11AE60A}.Release|x64.Build.0 = Release|x64
		{5CC08F06-0197-455A-A2E9-AAEFD11AE60A}.Release|x86.ActiveCfg = Release|Win32
		{5CC08F06-0197-455A-A2E9-AAEFD11AE60A}.Release|x86.Build.0 = Release|Win32
		{03167A52-4E8C-4B17-A8A6-A2E40E697BC7}.Debug|x64.ActiveCfg = Debug|x64
		{03167A52-4E8C-4B17-A8A6-A2E40E697BC7}.Debug|x64.Build.0 = Debug|x64
		{03167A52-4E8C-4B17-A8A6-A2E40E697BC7}.Debug|x86.ActiveCfg = Debug|Win32
		{03167A52-4E8C-4B17-A8A6-A2E40E697BC7}.Debug|x86.Build.0 = Debug|Win32
		{03167A52-4E8C-4B17-A8A6-A2E40E697BC7}.Release|x64.ActiveCfg = Release|x64
		{03167A52-4E8C-4B17-A8A6-A2E40E697BC7}.Release|x64.Build.0 = Release|x64
		{03167A52-4E8C-4B17-A8A6-A2E40E697BC7}.Release|x86.ActiveCfg = Release|Win32
		{03167A52-4E8C-4B17-A8A6-A2E40E697BC7}.Release|x86.Build.0 = Release|Win32
		{A649E04F-3C27-4F66-A2AA-23B68C03E350}.Debug|x64.ActiveCfg = Debug|x64
		{A649E04F-3C27-4F66-A2AA-23B68C03E350}.Debug|x64.Build.0 = Debug|x64
		{A649E04F-3C27-4F66-A2AA-23B68C03E350}.Debug|x86.ActiveCfg = Debug|Win32
		{A649E04F-3C27-4F66-A2AA-23B68C03E350}.Debug|x86.Build.0 = Debug|Win32
		{A649E04F-3C27-4F66-A2AA-23B68C03E350}.Release|x64.ActiveCfg = Release|x64
		{A649E04F-3C27-4F66-A2AA-23B68C03E350}.Release|x64.Build.0 = Release|x64
		{A649E04F-3C27-4F66-A2AA-23B68C03E350}.Release|x86.ActiveCfg = Release|Win32
		{A649E04F-3C27-4F66-A2AA-23B68C03E350}.Release|x86.Build.0 = Release|Win32
	EndGlobalSection
	GlobalSection(SolutionProperties) = preSolution
		HideSolutionNode = FALSE
	EndGlobalSection
	GlobalSection(ExtensibilityGlobals) = postSolution
		SolutionGuid = {213AF09E-737A-4B75-AAB9-CC7A8C9D4040}
	EndGlobalSection
EndGlobal
